set_location_assignment PIN_T21	-to hex[3]
set_location_assignment PIN_T22	-to hex[2]
set_location_assignment PIN_R21	-to hex[1]
set_location_assignment PIN_R22	-to hex[0]
set_location_assignment PIN_J2 -to DIG[0]
set_location_assignment PIN_J1 -to DIG[1]
set_location_assignment PIN_H2 -to DIG[2]
set_location_assignment PIN_H1 -to DIG[3]
set_location_assignment PIN_F2 -to DIG[4]
set_location_assignment PIN_F1 -to DIG[5]
set_location_assignment PIN_E2 -to DIG[6]